
Microsoft Visual Studio Solution File, Format Version 12.00
# Visual Studio Version 16
VisualStudioVersion = 16.0.30804.86
MinimumVisualStudioVersion = 10.0.40219.1
Project("{2150E333-8FDC-42A3-9474-1A3956D46DE8}") = "Services", "Services", "{5DB037DF-F0BD-4E24-9C5E-CD6DAF593814}"
EndProject
Project("{2150E333-8FDC-42A3-9474-1A3956D46DE8}") = "Catalog", "Catalog", "{F0D6EFA0-3325-48D6-91DD-18B0EC5DA6E4}"
EndProject
Project("{9A19103F-16F7-4668-BE54-9A1E7A4F7556}") = "Catalog.API", "Services\Catalog\Catalog.API\Catalog.API.csproj", "{34A96AE3-0186-4C54-8178-E7AF5470F598}"
EndProject
Project("{E53339B2-1760-4266-BCC7-CA923CBCF16C}") = "docker-compose", "docker-compose.dcproj", "{EDE7B0FC-CDCF-4D26-B6F4-D47AC8074509}"
EndProject
Project("{2150E333-8FDC-42A3-9474-1A3956D46DE8}") = "Basket", "Basket", "{D642642A-7165-454F-BB20-E9B21C320F40}"
EndProject
Project("{9A19103F-16F7-4668-BE54-9A1E7A4F7556}") = "Basket.API", "Services\Basket\Basket.API\Basket.API.csproj", "{2CA28332-8D2B-479A-A7D7-0F21616928F1}"
EndProject
Project("{2150E333-8FDC-42A3-9474-1A3956D46DE8}") = "Discount", "Discount", "{E0648CA6-3CD1-4C42-AE2A-B082070E0EF0}"
EndProject
Project("{9A19103F-16F7-4668-BE54-9A1E7A4F7556}") = "Discount.API", "Services\Discount\Discount.API\Discount.API.csproj", "{A1BE70C5-096A-42CF-B14A-46939F775D1C}"
EndProject
Project("{9A19103F-16F7-4668-BE54-9A1E7A4F7556}") = "Discount.Grpc", "Services\Discount\Discount.Grpc\Discount.Grpc.csproj", "{0D2F2C82-6EF7-431F-B7DD-14EBD7EC5FED}"
EndProject
Project("{2150E333-8FDC-42A3-9474-1A3956D46DE8}") = "Ordering", "Ordering", "{AE0DF583-436C-46DE-8CA6-571872877E73}"
EndProject
Project("{9A19103F-16F7-4668-BE54-9A1E7A4F7556}") = "Ordering.API", "Services\Ordering\Ordering.API\Ordering.API.csproj", "{A54B4251-0050-45CE-B565-10DC424656B0}"
EndProject
Project("{9A19103F-16F7-4668-BE54-9A1E7A4F7556}") = "Ordering.Domain", "Services\Ordering\Ordering.Domain\Ordering.Domain.csproj", "{11942892-B9FA-44F2-A4A1-B461C09A1252}"
EndProject
Project("{9A19103F-16F7-4668-BE54-9A1E7A4F7556}") = "Ordering.Application", "Services\Ordering\Ordering.Application\Ordering.Application.csproj", "{EDA0B3C4-90D5-49FD-BC27-DE0A0126B04C}"
EndProject
Project("{9A19103F-16F7-4668-BE54-9A1E7A4F7556}") = "Ordering.Infrastructure", "Services\Ordering\Ordering.Infrastructure\Ordering.Infrastructure.csproj", "{3C1D5310-A8C1-47C0-90B4-C0EF801C0C71}"
EndProject
Project("{2150E333-8FDC-42A3-9474-1A3956D46DE8}") = "BuildingBlocks", "BuildingBlocks", "{9A6EC4CB-91DF-4FE2-9D1C-39508F387944}"
EndProject
Project("{FAE04EC0-301F-11D3-BF4B-00C04F79EFBC}") = "EventBus.Messages", "BuildingBlocks\EventBus.Messages\EventBus.Messages.csproj", "{91C3E199-222B-4321-B244-14AC172F9EFA}"
EndProject
Global
	GlobalSection(SolutionConfigurationPlatforms) = preSolution
		Debug|Any CPU = Debug|Any CPU
		Release|Any CPU = Release|Any CPU
	EndGlobalSection
	GlobalSection(ProjectConfigurationPlatforms) = postSolution
		{34A96AE3-0186-4C54-8178-E7AF5470F598}.Debug|Any CPU.ActiveCfg = Debug|Any CPU
		{34A96AE3-0186-4C54-8178-E7AF5470F598}.Debug|Any CPU.Build.0 = Debug|Any CPU
		{34A96AE3-0186-4C54-8178-E7AF5470F598}.Release|Any CPU.ActiveCfg = Release|Any CPU
		{34A96AE3-0186-4C54-8178-E7AF5470F598}.Release|Any CPU.Build.0 = Release|Any CPU
		{EDE7B0FC-CDCF-4D26-B6F4-D47AC8074509}.Debug|Any CPU.ActiveCfg = Debug|Any CPU
		{EDE7B0FC-CDCF-4D26-B6F4-D47AC8074509}.Debug|Any CPU.Build.0 = Debug|Any CPU
		{EDE7B0FC-CDCF-4D26-B6F4-D47AC8074509}.Release|Any CPU.ActiveCfg = Release|Any CPU
		{EDE7B0FC-CDCF-4D26-B6F4-D47AC8074509}.Release|Any CPU.Build.0 = Release|Any CPU
		{2CA28332-8D2B-479A-A7D7-0F21616928F1}.Debug|Any CPU.ActiveCfg = Debug|Any CPU
		{2CA28332-8D2B-479A-A7D7-0F21616928F1}.Debug|Any CPU.Build.0 = Debug|Any CPU
		{2CA28332-8D2B-479A-A7D7-0F21616928F1}.Release|Any CPU.ActiveCfg = Release|Any CPU
		{2CA28332-8D2B-479A-A7D7-0F21616928F1}.Release|Any CPU.Build.0 = Release|Any CPU
		{A1BE70C5-096A-42CF-B14A-46939F775D1C}.Debug|Any CPU.ActiveCfg = Debug|Any CPU
		{A1BE70C5-096A-42CF-B14A-46939F775D1C}.Debug|Any CPU.Build.0 = Debug|Any CPU
		{A1BE70C5-096A-42CF-B14A-46939F775D1C}.Release|Any CPU.ActiveCfg = Release|Any CPU
		{A1BE70C5-096A-42CF-B14A-46939F775D1C}.Release|Any CPU.Build.0 = Release|Any CPU
		{0D2F2C82-6EF7-431F-B7DD-14EBD7EC5FED}.Debug|Any CPU.ActiveCfg = Debug|Any CPU
		{0D2F2C82-6EF7-431F-B7DD-14EBD7EC5FED}.Debug|Any CPU.Build.0 = Debug|Any CPU
		{0D2F2C82-6EF7-431F-B7DD-14EBD7EC5FED}.Release|Any CPU.ActiveCfg = Release|Any CPU
		{0D2F2C82-6EF7-431F-B7DD-14EBD7EC5FED}.Release|Any CPU.Build.0 = Release|Any CPU
		{A54B4251-0050-45CE-B565-10DC424656B0}.Debug|Any CPU.ActiveCfg = Debug|Any CPU
		{A54B4251-0050-45CE-B565-10DC424656B0}.Debug|Any CPU.Build.0 = Debug|Any CPU
		{A54B4251-0050-45CE-B565-10DC424656B0}.Release|Any CPU.ActiveCfg = Release|Any CPU
		{A54B4251-0050-45CE-B565-10DC424656B0}.Release|Any CPU.Build.0 = Release|Any CPU
		{11942892-B9FA-44F2-A4A1-B461C09A1252}.Debug|Any CPU.ActiveCfg = Debug|Any CPU
		{11942892-B9FA-44F2-A4A1-B461C09A1252}.Debug|Any CPU.Build.0 = Debug|Any CPU
		{11942892-B9FA-44F2-A4A1-B461C09A1252}.Release|Any CPU.ActiveCfg = Release|Any CPU
		{11942892-B9FA-44F2-A4A1-B461C09A1252}.Release|Any CPU.Build.0 = Release|Any CPU
		{EDA0B3C4-90D5-49FD-BC27-DE0A0126B04C}.Debug|Any CPU.ActiveCfg = Debug|Any CPU
		{EDA0B3C4-90D5-49FD-BC27-DE0A0126B04C}.Debug|Any CPU.Build.0 = Debug|Any CPU
		{EDA0B3C4-90D5-49FD-BC27-DE0A0126B04C}.Release|Any CPU.ActiveCfg = Release|Any CPU
		{EDA0B3C4-90D5-49FD-BC27-DE0A0126B04C}.Release|Any CPU.Build.0 = Release|Any CPU
		{3C1D5310-A8C1-47C0-90B4-C0EF801C0C71}.Debug|Any CPU.ActiveCfg = Debug|Any CPU
		{3C1D5310-A8C1-47C0-90B4-C0EF801C0C71}.Debug|Any CPU.Build.0 = Debug|Any CPU
		{3C1D5310-A8C1-47C0-90B4-C0EF801C0C71}.Release|Any CPU.ActiveCfg = Release|Any CPU
		{3C1D5310-A8C1-47C0-90B4-C0EF801C0C71}.Release|Any CPU.Build.0 = Release|Any CPU
		{91C3E199-222B-4321-B244-14AC172F9EFA}.Debug|Any CPU.ActiveCfg = Debug|Any CPU
		{91C3E199-222B-4321-B244-14AC172F9EFA}.Debug|Any CPU.Build.0 = Debug|Any CPU
		{91C3E199-222B-4321-B244-14AC172F9EFA}.Release|Any CPU.ActiveCfg = Release|Any CPU
		{91C3E199-222B-4321-B244-14AC172F9EFA}.Release|Any CPU.Build.0 = Release|Any CPU
	EndGlobalSection
	GlobalSection(SolutionProperties) = preSolution
		HideSolutionNode = FALSE
	EndGlobalSection
	GlobalSection(NestedProjects) = preSolution
		{F0D6EFA0-3325-48D6-91DD-18B0EC5DA6E4} = {5DB037DF-F0BD-4E24-9C5E-CD6DAF593814}
		{34A96AE3-0186-4C54-8178-E7AF5470F598} = {F0D6EFA0-3325-48D6-91DD-18B0EC5DA6E4}
		{D642642A-7165-454F-BB20-E9B21C320F40} = {5DB037DF-F0BD-4E24-9C5E-CD6DAF593814}
		{2CA28332-8D2B-479A-A7D7-0F21616928F1} = {D642642A-7165-454F-BB20-E9B21C320F40}
		{E0648CA6-3CD1-4C42-AE2A-B082070E0EF0} = {5DB037DF-F0BD-4E24-9C5E-CD6DAF593814}
		{A1BE70C5-096A-42CF-B14A-46939F775D1C} = {E0648CA6-3CD1-4C42-AE2A-B082070E0EF0}
		{0D2F2C82-6EF7-431F-B7DD-14EBD7EC5FED} = {E0648CA6-3CD1-4C42-AE2A-B082070E0EF0}
		{AE0DF583-436C-46DE-8CA6-571872877E73} = {5DB037DF-F0BD-4E24-9C5E-CD6DAF593814}
		{A54B4251-0050-45CE-B565-10DC424656B0} = {AE0DF583-436C-46DE-8CA6-571872877E73}
		{11942892-B9FA-44F2-A4A1-B461C09A1252} = {AE0DF583-436C-46DE-8CA6-571872877E73}
		{EDA0B3C4-90D5-49FD-BC27-DE0A0126B04C} = {AE0DF583-436C-46DE-8CA6-571872877E73}
		{3C1D5310-A8C1-47C0-90B4-C0EF801C0C71} = {AE0DF583-436C-46DE-8CA6-571872877E73}
		{91C3E199-222B-4321-B244-14AC172F9EFA} = {9A6EC4CB-91DF-4FE2-9D1C-39508F387944}
	EndGlobalSection
	GlobalSection(ExtensibilityGlobals) = postSolution
		SolutionGuid = {31BE1B31-9732-4C54-B09E-2142021FBBEF}
	EndGlobalSection
EndGlobal
